// !$*UTF8*$!
{
	archiveVersion = 1;
	classes = {
	};
	objectVersion = 50;
	objects = {

/* Begin PBXBuildFile section */
		8332B8BC25BFB3AC0032D690 /* HeartRate.swift in Sources */ = {isa = PBXBuildFile; fileRef = 8332B8BB25BFB3AC0032D690 /* HeartRate.swift */; };
		835344AD25D6067400B508F2 /* CameraTestVIew.swift in Sources */ = {isa = PBXBuildFile; fileRef = 835344AC25D6067400B508F2 /* CameraTestVIew.swift */; };
		835C4F0C25C0E07500FCC922 /* HeartRateProvider.swift in Sources */ = {isa = PBXBuildFile; fileRef = 835C4F0B25C0E07500FCC922 /* HeartRateProvider.swift */; };
		835C4F1125C1FA4D00FCC922 /* sampledata.json in Resources */ = {isa = PBXBuildFile; fileRef = 835C4F1025C1FA4D00FCC922 /* sampledata.json */; };
		836A52E82585547E00559A8E /* HRTrackerApp.swift in Sources */ = {isa = PBXBuildFile; fileRef = 836A52E72585547E00559A8E /* HRTrackerApp.swift */; };
		836A52EA2585547E00559A8E /* ContentView.swift in Sources */ = {isa = PBXBuildFile; fileRef = 836A52E92585547E00559A8E /* ContentView.swift */; };
		836A52EC2585548100559A8E /* Assets.xcassets in Resources */ = {isa = PBXBuildFile; fileRef = 836A52EB2585548100559A8E /* Assets.xcassets */; };
		836A52EF2585548100559A8E /* Preview Assets.xcassets in Resources */ = {isa = PBXBuildFile; fileRef = 836A52EE2585548100559A8E /* Preview Assets.xcassets */; };
		836A52FA2585548100559A8E /* HRTrackerTests.swift in Sources */ = {isa = PBXBuildFile; fileRef = 836A52F92585548100559A8E /* HRTrackerTests.swift */; };
		836A53052585548100559A8E /* HRTrackerUITests.swift in Sources */ = {isa = PBXBuildFile; fileRef = 836A53042585548100559A8E /* HRTrackerUITests.swift */; };
/* End PBXBuildFile section */

/* Begin PBXContainerItemProxy section */
		836A52F62585548100559A8E /* PBXContainerItemProxy */ = {
			isa = PBXContainerItemProxy;
			containerPortal = 836A52DC2585547E00559A8E /* Project object */;
			proxyType = 1;
			remoteGlobalIDString = 836A52E32585547E00559A8E;
			remoteInfo = HRTracker;
		};
		836A53012585548100559A8E /* PBXContainerItemProxy */ = {
			isa = PBXContainerItemProxy;
			containerPortal = 836A52DC2585547E00559A8E /* Project object */;
			proxyType = 1;
			remoteGlobalIDString = 836A52E32585547E00559A8E;
			remoteInfo = HRTracker;
		};
/* End PBXContainerItemProxy section */

/* Begin PBXFileReference section */
		8332B8BB25BFB3AC0032D690 /* HeartRate.swift */ = {isa = PBXFileReference; lastKnownFileType = sourcecode.swift; path = HeartRate.swift; sourceTree = "<group>"; };
		835344AC25D6067400B508F2 /* CameraTestVIew.swift */ = {isa = PBXFileReference; lastKnownFileType = sourcecode.swift; path = CameraTestVIew.swift; sourceTree = "<group>"; };
		835C4F0B25C0E07500FCC922 /* HeartRateProvider.swift */ = {isa = PBXFileReference; lastKnownFileType = sourcecode.swift; path = HeartRateProvider.swift; sourceTree = "<group>"; };
		835C4F1025C1FA4D00FCC922 /* sampledata.json */ = {isa = PBXFileReference; fileEncoding = 4; lastKnownFileType = text.json; path = sampledata.json; sourceTree = "<group>"; };
		836A52E42585547E00559A8E /* HRTracker.app */ = {isa = PBXFileReference; explicitFileType = wrapper.application; includeInIndex = 0; path = HRTracker.app; sourceTree = BUILT_PRODUCTS_DIR; };
		836A52E72585547E00559A8E /* HRTrackerApp.swift */ = {isa = PBXFileReference; lastKnownFileType = sourcecode.swift; path = HRTrackerApp.swift; sourceTree = "<group>"; };
		836A52E92585547E00559A8E /* ContentView.swift */ = {isa = PBXFileReference; lastKnownFileType = sourcecode.swift; path = ContentView.swift; sourceTree = "<group>"; };
		836A52EB2585548100559A8E /* Assets.xcassets */ = {isa = PBXFileReference; lastKnownFileType = folder.assetcatalog; path = Assets.xcassets; sourceTree = "<group>"; };
		836A52EE2585548100559A8E /* Preview Assets.xcassets */ = {isa = PBXFileReference; lastKnownFileType = folder.assetcatalog; path = "Preview Assets.xcassets"; sourceTree = "<group>"; };
		836A52F02585548100559A8E /* Info.plist */ = {isa = PBXFileReference; lastKnownFileType = text.plist.xml; path = Info.plist; sourceTree = "<group>"; };
		836A52F52585548100559A8E /* HRTrackerTests.xctest */ = {isa = PBXFileReference; explicitFileType = wrapper.cfbundle; includeInIndex = 0; path = HRTrackerTests.xctest; sourceTree = BUILT_PRODUCTS_DIR; };
		836A52F92585548100559A8E /* HRTrackerTests.swift */ = {isa = PBXFileReference; lastKnownFileType = sourcecode.swift; path = HRTrackerTests.swift; sourceTree = "<group>"; };
		836A52FB2585548100559A8E /* Info.plist */ = {isa = PBXFileReference; lastKnownFileType = text.plist.xml; path = Info.plist; sourceTree = "<group>"; };
		836A53002585548100559A8E /* HRTrackerUITests.xctest */ = {isa = PBXFileReference; explicitFileType = wrapper.cfbundle; includeInIndex = 0; path = HRTrackerUITests.xctest; sourceTree = BUILT_PRODUCTS_DIR; };
		836A53042585548100559A8E /* HRTrackerUITests.swift */ = {isa = PBXFileReference; lastKnownFileType = sourcecode.swift; path = HRTrackerUITests.swift; sourceTree = "<group>"; };
		836A53062585548100559A8E /* Info.plist */ = {isa = PBXFileReference; lastKnownFileType = text.plist.xml; path = Info.plist; sourceTree = "<group>"; };
/* End PBXFileReference section */

/* Begin PBXFrameworksBuildPhase section */
		836A52E12585547E00559A8E /* Frameworks */ = {
			isa = PBXFrameworksBuildPhase;
			buildActionMask = 2147483647;
			files = (
			);
			runOnlyForDeploymentPostprocessing = 0;
		};
		836A52F22585548100559A8E /* Frameworks */ = {
			isa = PBXFrameworksBuildPhase;
			buildActionMask = 2147483647;
			files = (
			);
			runOnlyForDeploymentPostprocessing = 0;
		};
		836A52FD2585548100559A8E /* Frameworks */ = {
			isa = PBXFrameworksBuildPhase;
			buildActionMask = 2147483647;
			files = (
			);
			runOnlyForDeploymentPostprocessing = 0;
		};
/* End PBXFrameworksBuildPhase section */

/* Begin PBXGroup section */
		8332B8BA25BFB38F0032D690 /* Models */ = {
			isa = PBXGroup;
			children = (
				8332B8BB25BFB3AC0032D690 /* HeartRate.swift */,
			);
			path = Models;
			sourceTree = "<group>";
		};
		835C4F1525C1FAB100FCC922 /* Views */ = {
			isa = PBXGroup;
			children = (
				836A52E92585547E00559A8E /* ContentView.swift */,
				835344AC25D6067400B508F2 /* CameraTestVIew.swift */,
			);
			path = Views;
			sourceTree = "<group>";
		};
		835C4F1625C1FAB800FCC922 /* ViewModels */ = {
			isa = PBXGroup;
			children = (
			);
			path = ViewModels;
			sourceTree = "<group>";
		};
		836A52DB2585547E00559A8E = {
			isa = PBXGroup;
			children = (
				835C4F1025C1FA4D00FCC922 /* sampledata.json */,
				836A52E62585547E00559A8E /* HRTracker */,
				836A52F82585548100559A8E /* HRTrackerTests */,
				836A53032585548100559A8E /* HRTrackerUITests */,
				836A52E52585547E00559A8E /* Products */,
			);
			sourceTree = "<group>";
		};
		836A52E52585547E00559A8E /* Products */ = {
			isa = PBXGroup;
			children = (
				836A52E42585547E00559A8E /* HRTracker.app */,
				836A52F52585548100559A8E /* HRTrackerTests.xctest */,
				836A53002585548100559A8E /* HRTrackerUITests.xctest */,
			);
			name = Products;
			sourceTree = "<group>";
		};
		836A52E62585547E00559A8E /* HRTracker */ = {
			isa = PBXGroup;
			children = (
				835C4F1625C1FAB800FCC922 /* ViewModels */,
				835C4F1525C1FAB100FCC922 /* Views */,
				8332B8BA25BFB38F0032D690 /* Models */,
				836A52E72585547E00559A8E /* HRTrackerApp.swift */,
				835C4F0B25C0E07500FCC922 /* HeartRateProvider.swift */,
				836A52EB2585548100559A8E /* Assets.xcassets */,
				836A52F02585548100559A8E /* Info.plist */,
				836A52ED2585548100559A8E /* Preview Content */,
			);
			path = HRTracker;
			sourceTree = "<group>";
		};
		836A52ED2585548100559A8E /* Preview Content */ = {
			isa = PBXGroup;
			children = (
				836A52EE2585548100559A8E /* Preview Assets.xcassets */,
			);
			path = "Preview Content";
			sourceTree = "<group>";
		};
		836A52F82585548100559A8E /* HRTrackerTests */ = {
			isa = PBXGroup;
			children = (
				836A52F92585548100559A8E /* HRTrackerTests.swift */,
				836A52FB2585548100559A8E /* Info.plist */,
			);
			path = HRTrackerTests;
			sourceTree = "<group>";
		};
		836A53032585548100559A8E /* HRTrackerUITests */ = {
			isa = PBXGroup;
			children = (
				836A53042585548100559A8E /* HRTrackerUITests.swift */,
				836A53062585548100559A8E /* Info.plist */,
			);
			path = HRTrackerUITests;
			sourceTree = "<group>";
		};
/* End PBXGroup section */

/* Begin PBXNativeTarget section */
		836A52E32585547E00559A8E /* HRTracker */ = {
			isa = PBXNativeTarget;
			buildConfigurationList = 836A53092585548100559A8E /* Build configuration list for PBXNativeTarget "HRTracker" */;
			buildPhases = (
				836A52E02585547E00559A8E /* Sources */,
				836A52E12585547E00559A8E /* Frameworks */,
				836A52E22585547E00559A8E /* Resources */,
			);
			buildRules = (
			);
			dependencies = (
			);
			name = HRTracker;
			productName = HRTracker;
			productReference = 836A52E42585547E00559A8E /* HRTracker.app */;
			productType = "com.apple.product-type.application";
		};
		836A52F42585548100559A8E /* HRTrackerTests */ = {
			isa = PBXNativeTarget;
			buildConfigurationList = 836A530C2585548100559A8E /* Build configuration list for PBXNativeTarget "HRTrackerTests" */;
			buildPhases = (
				836A52F12585548100559A8E /* Sources */,
				836A52F22585548100559A8E /* Frameworks */,
				836A52F32585548100559A8E /* Resources */,
			);
			buildRules = (
			);
			dependencies = (
				836A52F72585548100559A8E /* PBXTargetDependency */,
			);
			name = HRTrackerTests;
			productName = HRTrackerTests;
			productReference = 836A52F52585548100559A8E /* HRTrackerTests.xctest */;
			productType = "com.apple.product-type.bundle.unit-test";
		};
		836A52FF2585548100559A8E /* HRTrackerUITests */ = {
			isa = PBXNativeTarget;
			buildConfigurationList = 836A530F2585548100559A8E /* Build configuration list for PBXNativeTarget "HRTrackerUITests" */;
			buildPhases = (
				836A52FC2585548100559A8E /* Sources */,
				836A52FD2585548100559A8E /* Frameworks */,
				836A52FE2585548100559A8E /* Resources */,
			);
			buildRules = (
			);
			dependencies = (
				836A53022585548100559A8E /* PBXTargetDependency */,
			);
			name = HRTrackerUITests;
			productName = HRTrackerUITests;
			productReference = 836A53002585548100559A8E /* HRTrackerUITests.xctest */;
			productType = "com.apple.product-type.bundle.ui-testing";
		};
/* End PBXNativeTarget section */

/* Begin PBXProject section */
		836A52DC2585547E00559A8E /* Project object */ = {
			isa = PBXProject;
			attributes = {
				LastSwiftUpdateCheck = 1220;
				LastUpgradeCheck = 1220;
				TargetAttributes = {
					836A52E32585547E00559A8E = {
						CreatedOnToolsVersion = 12.2;
					};
					836A52F42585548100559A8E = {
						CreatedOnToolsVersion = 12.2;
						TestTargetID = 836A52E32585547E00559A8E;
					};
					836A52FF2585548100559A8E = {
						CreatedOnToolsVersion = 12.2;
						TestTargetID = 836A52E32585547E00559A8E;
					};
				};
			};
			buildConfigurationList = 836A52DF2585547E00559A8E /* Build configuration list for PBXProject "HRTracker" */;
			compatibilityVersion = "Xcode 9.3";
			developmentRegion = en;
			hasScannedForEncodings = 0;
			knownRegions = (
				en,
				Base,
			);
			mainGroup = 836A52DB2585547E00559A8E;
			productRefGroup = 836A52E52585547E00559A8E /* Products */;
			projectDirPath = "";
			projectRoot = "";
			targets = (
				836A52E32585547E00559A8E /* HRTracker */,
				836A52F42585548100559A8E /* HRTrackerTests */,
				836A52FF2585548100559A8E /* HRTrackerUITests */,
			);
		};
/* End PBXProject section */

/* Begin PBXResourcesBuildPhase section */
		836A52E22585547E00559A8E /* Resources */ = {
			isa = PBXResourcesBuildPhase;
			buildActionMask = 2147483647;
			files = (
				836A52EF2585548100559A8E /* Preview Assets.xcassets in Resources */,
				836A52EC2585548100559A8E /* Assets.xcassets in Resources */,
				835C4F1125C1FA4D00FCC922 /* sampledata.json in Resources */,
			);
			runOnlyForDeploymentPostprocessing = 0;
		};
		836A52F32585548100559A8E /* Resources */ = {
			isa = PBXResourcesBuildPhase;
			buildActionMask = 2147483647;
			files = (
			);
			runOnlyForDeploymentPostprocessing = 0;
		};
		836A52FE2585548100559A8E /* Resources */ = {
			isa = PBXResourcesBuildPhase;
			buildActionMask = 2147483647;
			files = (
			);
			runOnlyForDeploymentPostprocessing = 0;
		};
/* End PBXResourcesBuildPhase section */

/* Begin PBXSourcesBuildPhase section */
		836A52E02585547E00559A8E /* Sources */ = {
			isa = PBXSourcesBuildPhase;
			buildActionMask = 2147483647;
			files = (
				836A52EA2585547E00559A8E /* ContentView.swift in Sources */,
				8332B8BC25BFB3AC0032D690 /* HeartRate.swift in Sources */,
				835344AD25D6067400B508F2 /* CameraTestVIew.swift in Sources */,
				836A52E82585547E00559A8E /* HRTrackerApp.swift in Sources */,
				835C4F0C25C0E07500FCC922 /* HeartRateProvider.swift in Sources */,
			);
			runOnlyForDeploymentPostprocessing = 0;
		};
		836A52F12585548100559A8E /* Sources */ = {
			isa = PBXSourcesBuildPhase;
			buildActionMask = 2147483647;
			files = (
				836A52FA2585548100559A8E /* HRTrackerTests.swift in Sources */,
			);
			runOnlyForDeploymentPostprocessing = 0;
		};
		836A52FC2585548100559A8E /* Sources */ = {
			isa = PBXSourcesBuildPhase;
			buildActionMask = 2147483647;
			files = (
				836A53052585548100559A8E /* HRTrackerUITests.swift in Sources */,
			);
			runOnlyForDeploymentPostprocessing = 0;
		};
/* End PBXSourcesBuildPhase section */

/* Begin PBXTargetDependency section */
		836A52F72585548100559A8E /* PBXTargetDependency */ = {
			isa = PBXTargetDependency;
			target = 836A52E32585547E00559A8E /* HRTracker */;
			targetProxy = 836A52F62585548100559A8E /* PBXContainerItemProxy */;
		};
		836A53022585548100559A8E /* PBXTargetDependency */ = {
			isa = PBXTargetDependency;
			target = 836A52E32585547E00559A8E /* HRTracker */;
			targetProxy = 836A53012585548100559A8E /* PBXContainerItemProxy */;
		};
/* End PBXTargetDependency section */

/* Begin XCBuildConfiguration section */
		836A53072585548100559A8E /* Debug */ = {
			isa = XCBuildConfiguration;
			buildSettings = {
				ALWAYS_SEARCH_USER_PATHS = NO;
				CLANG_ANALYZER_NONNULL = YES;
				CLANG_ANALYZER_NUMBER_OBJECT_CONVERSION = YES_AGGRESSIVE;
				CLANG_CXX_LANGUAGE_STANDARD = "gnu++14";
				CLANG_CXX_LIBRARY = "libc++";
				CLANG_ENABLE_MODULES = YES;
				CLANG_ENABLE_OBJC_ARC = YES;
				CLANG_ENABLE_OBJC_WEAK = YES;
				CLANG_WARN_BLOCK_CAPTURE_AUTORELEASING = YES;
				CLANG_WARN_BOOL_CONVERSION = YES;
				CLANG_WARN_COMMA = YES;
				CLANG_WARN_CONSTANT_CONVERSION = YES;
				CLANG_WARN_DEPRECATED_OBJC_IMPLEMENTATIONS = YES;
				CLANG_WARN_DIRECT_OBJC_ISA_USAGE = YES_ERROR;
				CLANG_WARN_DOCUMENTATION_COMMENTS = YES;
				CLANG_WARN_EMPTY_BODY = YES;
				CLANG_WARN_ENUM_CONVERSION = YES;
				CLANG_WARN_INFINITE_RECURSION = YES;
				CLANG_WARN_INT_CONVERSION = YES;
				CLANG_WARN_NON_LITERAL_NULL_CONVERSION = YES;
				CLANG_WARN_OBJC_IMPLICIT_RETAIN_SELF = YES;
				CLANG_WARN_OBJC_LITERAL_CONVERSION = YES;
				CLANG_WARN_OBJC_ROOT_CLASS = YES_ERROR;
				CLANG_WARN_QUOTED_INCLUDE_IN_FRAMEWORK_HEADER = YES;
				CLANG_WARN_RANGE_LOOP_ANALYSIS = YES;
				CLANG_WARN_STRICT_PROTOTYPES = YES;
				CLANG_WARN_SUSPICIOUS_MOVE = YES;
				CLANG_WARN_UNGUARDED_AVAILABILITY = YES_AGGRESSIVE;
				CLANG_WARN_UNREACHABLE_CODE = YES;
				CLANG_WARN__DUPLICATE_METHOD_MATCH = YES;
				COPY_PHASE_STRIP = NO;
				DEBUG_INFORMATION_FORMAT = dwarf;
				ENABLE_STRICT_OBJC_MSGSEND = YES;
				ENABLE_TESTABILITY = YES;
				GCC_C_LANGUAGE_STANDARD = gnu11;
				GCC_DYNAMIC_NO_PIC = NO;
				GCC_NO_COMMON_BLOCKS = YES;
				GCC_OPTIMIZATION_LEVEL = 0;
				GCC_PREPROCESSOR_DEFINITIONS = (
					"DEBUG=1",
					"$(inherited)",
				);
				GCC_WARN_64_TO_32_BIT_CONVERSION = YES;
				GCC_WARN_ABOUT_RETURN_TYPE = YES_ERROR;
				GCC_WARN_UNDECLARED_SELECTOR = YES;
				GCC_WARN_UNINITIALIZED_AUTOS = YES_AGGRESSIVE;
				GCC_WARN_UNUSED_FUNCTION = YES;
				GCC_WARN_UNUSED_VARIABLE = YES;
				IPHONEOS_DEPLOYMENT_TARGET = 14.1;
				MTL_ENABLE_DEBUG_INFO = INCLUDE_SOURCE;
				MTL_FAST_MATH = YES;
				ONLY_ACTIVE_ARCH = YES;
				SDKROOT = iphoneos;
				SWIFT_ACTIVE_COMPILATION_CONDITIONS = DEBUG;
				SWIFT_OPTIMIZATION_LEVEL = "-Onone";
			};
			name = Debug;
		};
		836A53082585548100559A8E /* Release */ = {
			isa = XCBuildConfiguration;
			buildSettings = {
				ALWAYS_SEARCH_USER_PATHS = NO;
				CLANG_ANALYZER_NONNULL = YES;
				CLANG_ANALYZER_NUMBER_OBJECT_CONVERSION = YES_AGGRESSIVE;
				CLANG_CXX_LANGUAGE_STANDARD = "gnu++14";
				CLANG_CXX_LIBRARY = "libc++";
				CLANG_ENABLE_MODULES = YES;
				CLANG_ENABLE_OBJC_ARC = YES;
				CLANG_ENABLE_OBJC_WEAK = YES;
				CLANG_WARN_BLOCK_CAPTURE_AUTORELEASING = YES;
				CLANG_WARN_BOOL_CONVERSION = YES;
				CLANG_WARN_COMMA = YES;
				CLANG_WARN_CONSTANT_CONVERSION = YES;
				CLANG_WARN_DEPRECATED_OBJC_IMPLEMENTATIONS = YES;
				CLANG_WARN_DIRECT_OBJC_ISA_USAGE = YES_ERROR;
				CLANG_WARN_DOCUMENTATION_COMMENTS = YES;
				CLANG_WARN_EMPTY_BODY = YES;
				CLANG_WARN_ENUM_CONVERSION = YES;
				CLANG_WARN_INFINITE_RECURSION = YES;
				CLANG_WARN_INT_CONVERSION = YES;
				CLANG_WARN_NON_LITERAL_NULL_CONVERSION = YES;
				CLANG_WARN_OBJC_IMPLICIT_RETAIN_SELF = YES;
				CLANG_WARN_OBJC_LITERAL_CONVERSION = YES;
				CLANG_WARN_OBJC_ROOT_CLASS = YES_ERROR;
				CLANG_WARN_QUOTED_INCLUDE_IN_FRAMEWORK_HEADER = YES;
				CLANG_WARN_RANGE_LOOP_ANALYSIS = YES;
				CLANG_WARN_STRICT_PROTOTYPES = YES;
				CLANG_WARN_SUSPICIOUS_MOVE = YES;
				CLANG_WARN_UNGUARDED_AVAILABILITY = YES_AGGRESSIVE;
				CLANG_WARN_UNREACHABLE_CODE = YES;
				CLANG_WARN__DUPLICATE_METHOD_MATCH = YES;
				COPY_PHASE_STRIP = NO;
				DEBUG_INFORMATION_FORMAT = "dwarf-with-dsym";
				ENABLE_NS_ASSERTIONS = NO;
				ENABLE_STRICT_OBJC_MSGSEND = YES;
				GCC_C_LANGUAGE_STANDARD = gnu11;
				GCC_NO_COMMON_BLOCKS = YES;
				GCC_WARN_64_TO_32_BIT_CONVERSION = YES;
				GCC_WARN_ABOUT_RETURN_TYPE = YES_ERROR;
				GCC_WARN_UNDECLARED_SELECTOR = YES;
				GCC_WARN_UNINITIALIZED_AUTOS = YES_AGGRESSIVE;
				GCC_WARN_UNUSED_FUNCTION = YES;
				GCC_WARN_UNUSED_VARIABLE = YES;
				IPHONEOS_DEPLOYMENT_TARGET = 14.1;
				MTL_ENABLE_DEBUG_INFO = NO;
				MTL_FAST_MATH = YES;
				SDKROOT = iphoneos;
				SWIFT_COMPILATION_MODE = wholemodule;
				SWIFT_OPTIMIZATION_LEVEL = "-O";
				VALIDATE_PRODUCT = YES;
			};
			name = Release;
		};
		836A530A2585548100559A8E /* Debug */ = {
			isa = XCBuildConfiguration;
			buildSettings = {
				ASSETCATALOG_COMPILER_APPICON_NAME = AppIcon;
				ASSETCATALOG_COMPILER_GLOBAL_ACCENT_COLOR_NAME = AccentColor;
				CODE_SIGN_STYLE = Automatic;
				DEVELOPMENT_ASSET_PATHS = "\"HRTracker/Preview Content\"";
				DEVELOPMENT_TEAM = FFZ8M2K6FW;
				ENABLE_PREVIEWS = YES;
				INFOPLIST_FILE = HRTracker/Info.plist;
				IPHONEOS_DEPLOYMENT_TARGET = 14.0;
				LD_RUNPATH_SEARCH_PATHS = (
					"$(inherited)",
					"@executable_path/Frameworks",
				);
				PRODUCT_BUNDLE_IDENTIFIER = com.seanradtomatos.HRTracker;
				PRODUCT_NAME = "$(TARGET_NAME)";
				SWIFT_VERSION = 5.0;
				TARGETED_DEVICE_FAMILY = "1,2";
			};
			name = Debug;
		};
		836A530B2585548100559A8E /* Release */ = {
			isa = XCBuildConfiguration;
			buildSettings = {
				ASSETCATALOG_COMPILER_APPICON_NAME = AppIcon;
				ASSETCATALOG_COMPILER_GLOBAL_ACCENT_COLOR_NAME = AccentColor;
				CODE_SIGN_STYLE = Automatic;
				DEVELOPMENT_ASSET_PATHS = "\"HRTracker/Preview Content\"";
				DEVELOPMENT_TEAM = FFZ8M2K6FW;
				ENABLE_PREVIEWS = YES;
				INFOPLIST_FILE = HRTracker/Info.plist;
				IPHONEOS_DEPLOYMENT_TARGET = 14.0;
				LD_RUNPATH_SEARCH_PATHS = (
					"$(inherited)",
					"@executable_path/Frameworks",
				);
				PRODUCT_BUNDLE_IDENTIFIER = com.seanradtomatos.HRTracker;
				PRODUCT_NAME = "$(TARGET_NAME)";
				SWIFT_VERSION = 5.0;
				TARGETED_DEVICE_FAMILY = "1,2";
			};
			name = Release;
		};
		836A530D2585548100559A8E /* Debug */ = {
			isa = XCBuildConfiguration;
			buildSettings = {
				ALWAYS_EMBED_SWIFT_STANDARD_LIBRARIES = YES;
				BUNDLE_LOADER = "$(TEST_HOST)";
				CODE_SIGN_STYLE = Automatic;
				DEVELOPMENT_TEAM = FFZ8M2K6FW;
				INFOPLIST_FILE = HRTrackerTests/Info.plist;
				IPHONEOS_DEPLOYMENT_TARGET = 14.0;
				LD_RUNPATH_SEARCH_PATHS = (
					"$(inherited)",
					"@executable_path/Frameworks",
					"@loader_path/Frameworks",
				);
				PRODUCT_BUNDLE_IDENTIFIER = com.seanradtomatos.HRTrackerTests;
				PRODUCT_NAME = "$(TARGET_NAME)";
				SWIFT_VERSION = 5.0;
				TARGETED_DEVICE_FAMILY = "1,2";
				TEST_HOST = "$(BUILT_PRODUCTS_DIR)/HRTracker.app/HRTracker";
			};
			name = Debug;
		};
		836A530E2585548100559A8E /* Release */ = {
			isa = XCBuildConfiguration;
			buildSettings = {
				ALWAYS_EMBED_SWIFT_STANDARD_LIBRARIES = YES;
				BUNDLE_LOADER = "$(TEST_HOST)";
				CODE_SIGN_STYLE = Automatic;
				DEVELOPMENT_TEAM = FFZ8M2K6FW;
				INFOPLIST_FILE = HRTrackerTests/Info.plist;
				IPHONEOS_DEPLOYMENT_TARGET = 14.0;
				LD_RUNPATH_SEARCH_PATHS = (
					"$(inherited)",
					"@executable_path/Frameworks",
					"@loader_path/Frameworks",
				);
				PRODUCT_BUNDLE_IDENTIFIER = com.seanradtomatos.HRTrackerTests;
				PRODUCT_NAME = "$(TARGET_NAME)";
				SWIFT_VERSION = 5.0;
				TARGETED_DEVICE_FAMILY = "1,2";
				TEST_HOST = "$(BUILT_PRODUCTS_DIR)/HRTracker.app/HRTracker";
			};
			name = Release;
		};
		836A53102585548100559A8E /* Debug */ = {
			isa = XCBuildConfiguration;
			buildSettings = {
				ALWAYS_EMBED_SWIFT_STANDARD_LIBRARIES = YES;
				CODE_SIGN_STYLE = Automatic;
				DEVELOPMENT_TEAM = FFZ8M2K6FW;
				INFOPLIST_FILE = HRTrackerUITests/Info.plist;
				LD_RUNPATH_SEARCH_PATHS = (
					"$(inherited)",
					"@executable_path/Frameworks",
					"@loader_path/Frameworks",
				);
				PRODUCT_BUNDLE_IDENTIFIER = com.seanradtomatos.HRTrackerUITests;
				PRODUCT_NAME = "$(TARGET_NAME)";
				SWIFT_VERSION = 5.0;
				TARGETED_DEVICE_FAMILY = "1,2";
				TEST_TARGET_NAME = HRTracker;
			};
			name = Debug;
		};
		836A53112585548100559A8E /* Release */ = {
			isa = XCBuildConfiguration;
			buildSettings = {
				ALWAYS_EMBED_SWIFT_STANDARD_LIBRARIES = YES;
				CODE_SIGN_STYLE = Automatic;
				DEVELOPMENT_TEAM = FFZ8M2K6FW;
				INFOPLIST_FILE = HRTrackerUITests/Info.plist;
				LD_RUNPATH_SEARCH_PATHS = (
					"$(inherited)",
					"@executable_path/Frameworks",
					"@loader_path/Frameworks",
				);
				PRODUCT_BUNDLE_IDENTIFIER = com.seanradtomatos.HRTrackerUITests;
				PRODUCT_NAME = "$(TARGET_NAME)";
				SWIFT_VERSION = 5.0;
				TARGETED_DEVICE_FAMILY = "1,2";
				TEST_TARGET_NAME = HRTracker;
			};
			name = Release;
		};
/* End XCBuildConfiguration section */

/* Begin XCConfigurationList section */
		836A52DF2585547E00559A8E /* Build configuration list for PBXProject "HRTracker" */ = {
			isa = XCConfigurationList;
			buildConfigurations = (
				836A53072585548100559A8E /* Debug */,
				836A53082585548100559A8E /* Release */,
			);
			defaultConfigurationIsVisible = 0;
			defaultConfigurationName = Release;
		};
		836A53092585548100559A8E /* Build configuration list for PBXNativeTarget "HRTracker" */ = {
			isa = XCConfigurationList;
			buildConfigurations = (
				836A530A2585548100559A8E /* Debug */,
				836A530B2585548100559A8E /* Release */,
			);
			defaultConfigurationIsVisible = 0;
			defaultConfigurationName = Release;
		};
		836A530C2585548100559A8E /* Build configuration list for PBXNativeTarget "HRTrackerTests" */ = {
			isa = XCConfigurationList;
			buildConfigurations = (
				836A530D2585548100559A8E /* Debug */,
				836A530E2585548100559A8E /* Release */,
			);
			defaultConfigurationIsVisible = 0;
			defaultConfigurationName = Release;
		};
		836A530F2585548100559A8E /* Build configuration list for PBXNativeTarget "HRTrackerUITests" */ = {
			isa = XCConfigurationList;
			buildConfigurations = (
				836A53102585548100559A8E /* Debug */,
				836A53112585548100559A8E /* Release */,
			);
			defaultConfigurationIsVisible = 0;
			defaultConfigurationName = Release;
		};
/* End XCConfigurationList section */
	};
	rootObject = 836A52DC2585547E00559A8E /* Project object */;
}
